
Microsoft Visual Studio Solution File, Format Version 12.00
# Visual Studio Version 17
VisualStudioVersion = 17.0.32112.339
MinimumVisualStudioVersion = 10.0.40219.1
Project("{FAE04EC0-301F-11D3-BF4B-00C04F79EFBC}") = "Assignment4.3", "Assignment4.3.csproj", "{4191D9E1-CD7F-4501-A61E-75B6F9DD4237}"
EndProject
Global
	GlobalSection(SolutionConfigurationPlatforms) = preSolution
		Debug|Any CPU = Debug|Any CPU
		Release|Any CPU = Release|Any CPU
	EndGlobalSection
	GlobalSection(ProjectConfigurationPlatforms) = postSolution
		{4191D9E1-CD7F-4501-A61E-75B6F9DD4237}.Debug|Any CPU.ActiveCfg = Debug|Any CPU
		{4191D9E1-CD7F-4501-A61E-75B6F9DD4237}.Debug|Any CPU.Build.0 = Debug|Any CPU
		{4191D9E1-CD7F-4501-A61E-75B6F9DD4237}.Release|Any CPU.ActiveCfg = Release|Any CPU
		{4191D9E1-CD7F-4501-A61E-75B6F9DD4237}.Release|Any CPU.Build.0 = Release|Any CPU
	EndGlobalSection
	GlobalSection(SolutionProperties) = preSolution
		HideSolutionNode = FALSE
	EndGlobalSection
	GlobalSection(ExtensibilityGlobals) = postSolution
		SolutionGuid = {9336E003-8E23-48EE-B50B-E6468BB83D4D}
	EndGlobalSection
EndGlobal
