
Microsoft Visual Studio Solution File, Format Version 12.00
# Visual Studio Version 17
VisualStudioVersion = 17.0.32126.317
MinimumVisualStudioVersion = 10.0.40219.1
Project("{FAE04EC0-301F-11D3-BF4B-00C04F79EFBC}") = "Assignment6.2", "Assignment6.2.csproj", "{2D1F177B-3892-4FB5-A86A-6A7335D1FBFF}"
EndProject
Global
	GlobalSection(SolutionConfigurationPlatforms) = preSolution
		Debug|Any CPU = Debug|Any CPU
		Release|Any CPU = Release|Any CPU
	EndGlobalSection
	GlobalSection(ProjectConfigurationPlatforms) = postSolution
		{2D1F177B-3892-4FB5-A86A-6A7335D1FBFF}.Debug|Any CPU.ActiveCfg = Debug|Any CPU
		{2D1F177B-3892-4FB5-A86A-6A7335D1FBFF}.Debug|Any CPU.Build.0 = Debug|Any CPU
		{2D1F177B-3892-4FB5-A86A-6A7335D1FBFF}.Release|Any CPU.ActiveCfg = Release|Any CPU
		{2D1F177B-3892-4FB5-A86A-6A7335D1FBFF}.Release|Any CPU.Build.0 = Release|Any CPU
	EndGlobalSection
	GlobalSection(SolutionProperties) = preSolution
		HideSolutionNode = FALSE
	EndGlobalSection
	GlobalSection(ExtensibilityGlobals) = postSolution
		SolutionGuid = {80B21F92-890B-4C00-9ECF-83257239AC0F}
	EndGlobalSection
EndGlobal
