
Microsoft Visual Studio Solution File, Format Version 12.00
# Visual Studio Version 17
VisualStudioVersion = 17.0.32112.339
MinimumVisualStudioVersion = 10.0.40219.1
Project("{FAE04EC0-301F-11D3-BF4B-00C04F79EFBC}") = "Mod6JSONserialization", "Mod6JSONserialization.csproj", "{B9CDFC4F-8F32-4FB2-8AFE-FA9D6623A805}"
EndProject
Global
	GlobalSection(SolutionConfigurationPlatforms) = preSolution
		Debug|Any CPU = Debug|Any CPU
		Release|Any CPU = Release|Any CPU
	EndGlobalSection
	GlobalSection(ProjectConfigurationPlatforms) = postSolution
		{B9CDFC4F-8F32-4FB2-8AFE-FA9D6623A805}.Debug|Any CPU.ActiveCfg = Debug|Any CPU
		{B9CDFC4F-8F32-4FB2-8AFE-FA9D6623A805}.Debug|Any CPU.Build.0 = Debug|Any CPU
		{B9CDFC4F-8F32-4FB2-8AFE-FA9D6623A805}.Release|Any CPU.ActiveCfg = Release|Any CPU
		{B9CDFC4F-8F32-4FB2-8AFE-FA9D6623A805}.Release|Any CPU.Build.0 = Release|Any CPU
	EndGlobalSection
	GlobalSection(SolutionProperties) = preSolution
		HideSolutionNode = FALSE
	EndGlobalSection
	GlobalSection(ExtensibilityGlobals) = postSolution
		SolutionGuid = {51AFAD3A-D3C2-44BA-AC78-1FA2C12FBAE8}
	EndGlobalSection
EndGlobal
