
Microsoft Visual Studio Solution File, Format Version 12.00
# Visual Studio Version 17
VisualStudioVersion = 17.0.32112.339
MinimumVisualStudioVersion = 10.0.40219.1
Project("{FAE04EC0-301F-11D3-BF4B-00C04F79EFBC}") = "Assignment4.2", "Assignment4.2.csproj", "{7187F775-E40F-4655-96E7-854F9A448715}"
EndProject
Global
	GlobalSection(SolutionConfigurationPlatforms) = preSolution
		Debug|Any CPU = Debug|Any CPU
		Release|Any CPU = Release|Any CPU
	EndGlobalSection
	GlobalSection(ProjectConfigurationPlatforms) = postSolution
		{7187F775-E40F-4655-96E7-854F9A448715}.Debug|Any CPU.ActiveCfg = Debug|Any CPU
		{7187F775-E40F-4655-96E7-854F9A448715}.Debug|Any CPU.Build.0 = Debug|Any CPU
		{7187F775-E40F-4655-96E7-854F9A448715}.Release|Any CPU.ActiveCfg = Release|Any CPU
		{7187F775-E40F-4655-96E7-854F9A448715}.Release|Any CPU.Build.0 = Release|Any CPU
	EndGlobalSection
	GlobalSection(SolutionProperties) = preSolution
		HideSolutionNode = FALSE
	EndGlobalSection
	GlobalSection(ExtensibilityGlobals) = postSolution
		SolutionGuid = {D4BA129C-7C56-4A65-A385-CB9C318ABE58}
	EndGlobalSection
EndGlobal
