
Microsoft Visual Studio Solution File, Format Version 12.00
# Visual Studio Version 17
VisualStudioVersion = 17.0.32112.339
MinimumVisualStudioVersion = 10.0.40219.1
Project("{FAE04EC0-301F-11D3-BF4B-00C04F79EFBC}") = "StructEnumTest", "StructEnumTest.csproj", "{6AD1632B-F3A3-4CAA-BEBE-04CC3094B871}"
EndProject
Global
	GlobalSection(SolutionConfigurationPlatforms) = preSolution
		Debug|Any CPU = Debug|Any CPU
		Release|Any CPU = Release|Any CPU
	EndGlobalSection
	GlobalSection(ProjectConfigurationPlatforms) = postSolution
		{6AD1632B-F3A3-4CAA-BEBE-04CC3094B871}.Debug|Any CPU.ActiveCfg = Debug|Any CPU
		{6AD1632B-F3A3-4CAA-BEBE-04CC3094B871}.Debug|Any CPU.Build.0 = Debug|Any CPU
		{6AD1632B-F3A3-4CAA-BEBE-04CC3094B871}.Release|Any CPU.ActiveCfg = Release|Any CPU
		{6AD1632B-F3A3-4CAA-BEBE-04CC3094B871}.Release|Any CPU.Build.0 = Release|Any CPU
	EndGlobalSection
	GlobalSection(SolutionProperties) = preSolution
		HideSolutionNode = FALSE
	EndGlobalSection
	GlobalSection(ExtensibilityGlobals) = postSolution
		SolutionGuid = {DC029DE9-53DD-4704-B352-EFEE2B7D2ACE}
	EndGlobalSection
EndGlobal
