
Microsoft Visual Studio Solution File, Format Version 12.00
# Visual Studio Version 17
VisualStudioVersion = 17.0.32014.148
MinimumVisualStudioVersion = 10.0.40219.1
Project("{FAE04EC0-301F-11D3-BF4B-00C04F79EFBC}") = "Mod10", "Mod10.csproj", "{575D0505-3B76-4EA2-90DC-EF87F46DD2F5}"
EndProject
Global
	GlobalSection(SolutionConfigurationPlatforms) = preSolution
		Debug|Any CPU = Debug|Any CPU
		Release|Any CPU = Release|Any CPU
	EndGlobalSection
	GlobalSection(ProjectConfigurationPlatforms) = postSolution
		{575D0505-3B76-4EA2-90DC-EF87F46DD2F5}.Debug|Any CPU.ActiveCfg = Debug|Any CPU
		{575D0505-3B76-4EA2-90DC-EF87F46DD2F5}.Debug|Any CPU.Build.0 = Debug|Any CPU
		{575D0505-3B76-4EA2-90DC-EF87F46DD2F5}.Release|Any CPU.ActiveCfg = Release|Any CPU
		{575D0505-3B76-4EA2-90DC-EF87F46DD2F5}.Release|Any CPU.Build.0 = Release|Any CPU
	EndGlobalSection
	GlobalSection(SolutionProperties) = preSolution
		HideSolutionNode = FALSE
	EndGlobalSection
	GlobalSection(ExtensibilityGlobals) = postSolution
		SolutionGuid = {4DF620E8-AAD4-4544-BC85-DA66680329C6}
	EndGlobalSection
EndGlobal
