
Microsoft Visual Studio Solution File, Format Version 12.00
# Visual Studio Version 17
VisualStudioVersion = 17.0.32112.339
MinimumVisualStudioVersion = 10.0.40219.1
Project("{FAE04EC0-301F-11D3-BF4B-00C04F79EFBC}") = "InterfaceTest", "InterfaceTest.csproj", "{089280D1-F48E-4509-ABE2-5213E37417EF}"
EndProject
Global
	GlobalSection(SolutionConfigurationPlatforms) = preSolution
		Debug|Any CPU = Debug|Any CPU
		Release|Any CPU = Release|Any CPU
	EndGlobalSection
	GlobalSection(ProjectConfigurationPlatforms) = postSolution
		{089280D1-F48E-4509-ABE2-5213E37417EF}.Debug|Any CPU.ActiveCfg = Debug|Any CPU
		{089280D1-F48E-4509-ABE2-5213E37417EF}.Debug|Any CPU.Build.0 = Debug|Any CPU
		{089280D1-F48E-4509-ABE2-5213E37417EF}.Release|Any CPU.ActiveCfg = Release|Any CPU
		{089280D1-F48E-4509-ABE2-5213E37417EF}.Release|Any CPU.Build.0 = Release|Any CPU
	EndGlobalSection
	GlobalSection(SolutionProperties) = preSolution
		HideSolutionNode = FALSE
	EndGlobalSection
	GlobalSection(ExtensibilityGlobals) = postSolution
		SolutionGuid = {2C8D8A86-B9FB-4128-83D6-09E15483B0BB}
	EndGlobalSection
EndGlobal
