
Microsoft Visual Studio Solution File, Format Version 12.00
# Visual Studio Version 17
VisualStudioVersion = 17.1.32228.430
MinimumVisualStudioVersion = 10.0.40219.1
Project("{FAE04EC0-301F-11D3-BF4B-00C04F79EFBC}") = "FilterTest", "FilterTest.csproj", "{619F463B-402F-44D2-9B97-AD2AC3EF8292}"
EndProject
Global
	GlobalSection(SolutionConfigurationPlatforms) = preSolution
		Debug|Any CPU = Debug|Any CPU
		Release|Any CPU = Release|Any CPU
	EndGlobalSection
	GlobalSection(ProjectConfigurationPlatforms) = postSolution
		{619F463B-402F-44D2-9B97-AD2AC3EF8292}.Debug|Any CPU.ActiveCfg = Debug|Any CPU
		{619F463B-402F-44D2-9B97-AD2AC3EF8292}.Debug|Any CPU.Build.0 = Debug|Any CPU
		{619F463B-402F-44D2-9B97-AD2AC3EF8292}.Release|Any CPU.ActiveCfg = Release|Any CPU
		{619F463B-402F-44D2-9B97-AD2AC3EF8292}.Release|Any CPU.Build.0 = Release|Any CPU
	EndGlobalSection
	GlobalSection(SolutionProperties) = preSolution
		HideSolutionNode = FALSE
	EndGlobalSection
	GlobalSection(ExtensibilityGlobals) = postSolution
		SolutionGuid = {0399CEBB-CAB6-43CF-9F9D-E8A0ABC35241}
	EndGlobalSection
EndGlobal
