
Microsoft Visual Studio Solution File, Format Version 12.00
# Visual Studio Version 16
VisualStudioVersion = 16.0.32106.194
MinimumVisualStudioVersion = 10.0.40219.1
Project("{FAE04EC0-301F-11D3-BF4B-00C04F79EFBC}") = "HTML Forms Test", "HTML Forms Test.csproj", "{E6DA7ACB-5F9F-41A1-A7F2-93BAE6F11750}"
EndProject
Global
	GlobalSection(SolutionConfigurationPlatforms) = preSolution
		Debug|Any CPU = Debug|Any CPU
		Release|Any CPU = Release|Any CPU
	EndGlobalSection
	GlobalSection(ProjectConfigurationPlatforms) = postSolution
		{E6DA7ACB-5F9F-41A1-A7F2-93BAE6F11750}.Debug|Any CPU.ActiveCfg = Debug|Any CPU
		{E6DA7ACB-5F9F-41A1-A7F2-93BAE6F11750}.Debug|Any CPU.Build.0 = Debug|Any CPU
		{E6DA7ACB-5F9F-41A1-A7F2-93BAE6F11750}.Release|Any CPU.ActiveCfg = Release|Any CPU
		{E6DA7ACB-5F9F-41A1-A7F2-93BAE6F11750}.Release|Any CPU.Build.0 = Release|Any CPU
	EndGlobalSection
	GlobalSection(SolutionProperties) = preSolution
		HideSolutionNode = FALSE
	EndGlobalSection
	GlobalSection(ExtensibilityGlobals) = postSolution
		SolutionGuid = {C02983AE-9C74-4BA1-BCF8-6FF5E0C8B057}
	EndGlobalSection
EndGlobal
