
Microsoft Visual Studio Solution File, Format Version 12.00
# Visual Studio Version 16
VisualStudioVersion = 16.0.32106.194
MinimumVisualStudioVersion = 10.0.40219.1
Project("{FAE04EC0-301F-11D3-BF4B-00C04F79EFBC}") = "Assignment1.3.3", "Assignment1.3.3.csproj", "{CEADDBA7-C85E-4840-ACEB-C7A33F28E802}"
EndProject
Global
	GlobalSection(SolutionConfigurationPlatforms) = preSolution
		Debug|Any CPU = Debug|Any CPU
		Release|Any CPU = Release|Any CPU
	EndGlobalSection
	GlobalSection(ProjectConfigurationPlatforms) = postSolution
		{CEADDBA7-C85E-4840-ACEB-C7A33F28E802}.Debug|Any CPU.ActiveCfg = Debug|Any CPU
		{CEADDBA7-C85E-4840-ACEB-C7A33F28E802}.Debug|Any CPU.Build.0 = Debug|Any CPU
		{CEADDBA7-C85E-4840-ACEB-C7A33F28E802}.Release|Any CPU.ActiveCfg = Release|Any CPU
		{CEADDBA7-C85E-4840-ACEB-C7A33F28E802}.Release|Any CPU.Build.0 = Release|Any CPU
	EndGlobalSection
	GlobalSection(SolutionProperties) = preSolution
		HideSolutionNode = FALSE
	EndGlobalSection
	GlobalSection(ExtensibilityGlobals) = postSolution
		SolutionGuid = {C93DA29A-BA88-4B92-8F68-8FB2EFF9E0C8}
	EndGlobalSection
EndGlobal
