
Microsoft Visual Studio Solution File, Format Version 12.00
# Visual Studio Version 16
VisualStudioVersion = 16.0.30907.101
MinimumVisualStudioVersion = 10.0.40219.1
Project("{FAE04EC0-301F-11D3-BF4B-00C04F79EFBC}") = "Mod6Notepaddemo", "Mod6Notepaddemo.csproj", "{A084D0FE-FFD0-495C-844C-8B2DCA8D76FC}"
EndProject
Global
	GlobalSection(SolutionConfigurationPlatforms) = preSolution
		Debug|Any CPU = Debug|Any CPU
		Release|Any CPU = Release|Any CPU
	EndGlobalSection
	GlobalSection(ProjectConfigurationPlatforms) = postSolution
		{A084D0FE-FFD0-495C-844C-8B2DCA8D76FC}.Debug|Any CPU.ActiveCfg = Debug|Any CPU
		{A084D0FE-FFD0-495C-844C-8B2DCA8D76FC}.Debug|Any CPU.Build.0 = Debug|Any CPU
		{A084D0FE-FFD0-495C-844C-8B2DCA8D76FC}.Release|Any CPU.ActiveCfg = Release|Any CPU
		{A084D0FE-FFD0-495C-844C-8B2DCA8D76FC}.Release|Any CPU.Build.0 = Release|Any CPU
	EndGlobalSection
	GlobalSection(SolutionProperties) = preSolution
		HideSolutionNode = FALSE
	EndGlobalSection
	GlobalSection(ExtensibilityGlobals) = postSolution
		SolutionGuid = {86F563B9-9BD5-4A2F-90BD-7C5A1D913A11}
	EndGlobalSection
EndGlobal
