
Microsoft Visual Studio Solution File, Format Version 12.00
# Visual Studio Version 17
VisualStudioVersion = 17.0.32112.339
MinimumVisualStudioVersion = 10.0.40219.1
Project("{FAE04EC0-301F-11D3-BF4B-00C04F79EFBC}") = "Extra1", "Extra1.csproj", "{6F019CC8-4CFA-4CB0-AC4F-91106C2007E9}"
EndProject
Global
	GlobalSection(SolutionConfigurationPlatforms) = preSolution
		Debug|Any CPU = Debug|Any CPU
		Release|Any CPU = Release|Any CPU
	EndGlobalSection
	GlobalSection(ProjectConfigurationPlatforms) = postSolution
		{6F019CC8-4CFA-4CB0-AC4F-91106C2007E9}.Debug|Any CPU.ActiveCfg = Debug|Any CPU
		{6F019CC8-4CFA-4CB0-AC4F-91106C2007E9}.Debug|Any CPU.Build.0 = Debug|Any CPU
		{6F019CC8-4CFA-4CB0-AC4F-91106C2007E9}.Release|Any CPU.ActiveCfg = Release|Any CPU
		{6F019CC8-4CFA-4CB0-AC4F-91106C2007E9}.Release|Any CPU.Build.0 = Release|Any CPU
	EndGlobalSection
	GlobalSection(SolutionProperties) = preSolution
		HideSolutionNode = FALSE
	EndGlobalSection
	GlobalSection(ExtensibilityGlobals) = postSolution
		SolutionGuid = {1D1A75D4-E298-43A9-9351-5804060FB063}
	EndGlobalSection
EndGlobal
